
Microsoft Visual Studio Solution File, Format Version 12.00
# Visual Studio Version 16
VisualStudioVersion = 16.0.30907.101
MinimumVisualStudioVersion = 10.0.40219.1
Project("{9A19103F-16F7-4668-BE54-9A1E7A4F7556}") = "E-Forms.API", "E-Forms.API.csproj", "{86FB6736-D320-41EB-8555-4D429D57067D}"
	ProjectSection(ProjectDependencies) = postProject
		{F876AE99-A9A0-4522-9DFA-33D541AB8E42} = {F876AE99-A9A0-4522-9DFA-33D541AB8E42}
	EndProjectSection
EndProject
Project("{9A19103F-16F7-4668-BE54-9A1E7A4F7556}") = "E-Forms.DataBase", "..\E-Forms.DataBase\E-Forms.DataBase.csproj", "{F876AE99-A9A0-4522-9DFA-33D541AB8E42}"
EndProject
Global
	GlobalSection(SolutionConfigurationPlatforms) = preSolution
		Debug|Any CPU = Debug|Any CPU
		Release|Any CPU = Release|Any CPU
	EndGlobalSection
	GlobalSection(ProjectConfigurationPlatforms) = postSolution
		{86FB6736-D320-41EB-8555-4D429D57067D}.Debug|Any CPU.ActiveCfg = Debug|Any CPU
		{86FB6736-D320-41EB-8555-4D429D57067D}.Debug|Any CPU.Build.0 = Debug|Any CPU
		{86FB6736-D320-41EB-8555-4D429D57067D}.Release|Any CPU.ActiveCfg = Release|Any CPU
		{86FB6736-D320-41EB-8555-4D429D57067D}.Release|Any CPU.Build.0 = Release|Any CPU
		{F876AE99-A9A0-4522-9DFA-33D541AB8E42}.Debug|Any CPU.ActiveCfg = Debug|Any CPU
		{F876AE99-A9A0-4522-9DFA-33D541AB8E42}.Debug|Any CPU.Build.0 = Debug|Any CPU
		{F876AE99-A9A0-4522-9DFA-33D541AB8E42}.Release|Any CPU.ActiveCfg = Release|Any CPU
		{F876AE99-A9A0-4522-9DFA-33D541AB8E42}.Release|Any CPU.Build.0 = Release|Any CPU
	EndGlobalSection
	GlobalSection(SolutionProperties) = preSolution
		HideSolutionNode = FALSE
	EndGlobalSection
	GlobalSection(ExtensibilityGlobals) = postSolution
		SolutionGuid = {7E5B2029-5E44-4A11-8D98-E9A2C73E237F}
	EndGlobalSection
EndGlobal
